{
  "name": "favicons",
  "version": "0.0.1",
  "lockfileVersion": 2,
  "requires": true,
  "packages": {
    "": {
      "name": "favicons",
      "version": "0.0.1",
      "license": "ISC",
      "workspaces": [
        "apps/*",
        "packages/*"
      ],
      "devDependencies": {
        "turbo": "^1.4.6"
      }
    },
    "node_modules/turbo": {
      "version": "1.4.6",
      "resolved": "https://registry.npmjs.org/turbo/-/turbo-1.4.6.tgz",
      "integrity": "sha512-FKtBXlOJ7YjSK22yj4sJLCtDcHFElypt7xw9cZN7Wyv9x4XBrTmh5KP6RmcGnRR1/GJlTNwD2AY2T9QTPnHh+g==",
      "dev": true,
      "hasInstallScript": true,
      "bin": {
        "turbo": "bin/turbo"
      },
      "optionalDependencies": {
        "turbo-android-arm64": "1.4.6",
        "turbo-darwin-64": "1.4.6",
        "turbo-darwin-arm64": "1.4.6",
        "turbo-freebsd-64": "1.4.6",
        "turbo-freebsd-arm64": "1.4.6",
        "turbo-linux-32": "1.4.6",
        "turbo-linux-64": "1.4.6",
        "turbo-linux-arm": "1.4.6",
        "turbo-linux-arm64": "1.4.6",
        "turbo-linux-mips64le": "1.4.6",
        "turbo-linux-ppc64le": "1.4.6",
        "turbo-windows-32": "1.4.6",
        "turbo-windows-64": "1.4.6",
        "turbo-windows-arm64": "1.4.6"
      }
    },
    "node_modules/turbo-android-arm64": {
      "version": "1.4.6",
      "resolved": "https://registry.npmjs.org/turbo-android-arm64/-/turbo-android-arm64-1.4.6.tgz",
      "integrity": "sha512-YxSlHc64CF5J7yNUMiLBHkeLyzrpe75Oy7tivWb3z7ySG44BXPikk4HDJZPh0T1ELvukDwuPKkvDukJ2oCLJpA==",
      "cpu": [
        "arm64"
      ],
      "dev": true,
      "optional": true,
      "os": [
        "android"
      ]
    },
    "node_modules/turbo-darwin-64": {
      "version": "1.4.6",
      "resolved": "https://registry.npmjs.org/turbo-darwin-64/-/turbo-darwin-64-1.4.6.tgz",
      "integrity": "sha512-f6uto7LLpjwZ6iZSF+8uaDpuiTji6xmnWDxNuW23DBE8iv5mxehHd+6Ys851uKDRrPb3QdCu9ctyigKTAla5Vg==",
      "cpu": [
        "x64"
      ],
      "dev": true,
      "optional": true,
      "os": [
        "darwin"
      ]
    },
    "node_modules/turbo-darwin-arm64": {
      "version": "1.4.6",
      "resolved": "https://registry.npmjs.org/turbo-darwin-arm64/-/turbo-darwin-arm64-1.4.6.tgz",
      "integrity": "sha512-o9C6e5XyuMHQwE0fEhUxfpXxvNr2QXXWX8nxIjygxeF19AqKbk/s08vZBOEmXV6/gx/pRhZ1S2nf0PIUjKBD/Q==",
      "cpu": [
        "arm64"
      ],
      "dev": true,
      "optional": true,
      "os": [
        "darwin"
      ]
    },
    "node_modules/turbo-freebsd-64": {
      "version": "1.4.6",
      "resolved": "https://registry.npmjs.org/turbo-freebsd-64/-/turbo-freebsd-64-1.4.6.tgz",
      "integrity": "sha512-Gg9VOUo6McXYKGevcYjGUSmMryZyZggvpdPh7Dw3QTcT8Tsy6OBtq6WnJ2O4kFDsMigyKtEOJPceD9vDMZt3yQ==",
      "cpu": [
        "x64"
      ],
      "dev": true,
      "optional": true,
      "os": [
        "freebsd"
      ]
    },
    "node_modules/turbo-freebsd-arm64": {
      "version": "1.4.6",
      "resolved": "https://registry.npmjs.org/turbo-freebsd-arm64/-/turbo-freebsd-arm64-1.4.6.tgz",
      "integrity": "sha512-W7VrcneWFN1QENKt5cpAPSsf9ArYBBAm3VtPBZEO5tX8kuahGlah1SKdKJXrRxYOY82wyNxDagS/rHpBlrAAzw==",
      "cpu": [
        "arm64"
      ],
      "dev": true,
      "optional": true,
      "os": [
        "freebsd"
      ]
    },
    "node_modules/turbo-linux-32": {
      "version": "1.4.6",
      "resolved": "https://registry.npmjs.org/turbo-linux-32/-/turbo-linux-32-1.4.6.tgz",
      "integrity": "sha512-76j/zsui6mWPX8pZVMGgF8eiKHPmKuGa2lo0A/Ja0HUvdYCOGUfHsWJGVVIeYbuEp3jsKyVt7OnMDeH9CqO6bg==",
      "cpu": [
        "ia32"
      ],
      "dev": true,
      "optional": true,
      "os": [
        "linux"
      ]
    },
    "node_modules/turbo-linux-64": {
      "version": "1.4.6",
      "resolved": "https://registry.npmjs.org/turbo-linux-64/-/turbo-linux-64-1.4.6.tgz",
      "integrity": "sha512-z4A37Xm7lZyO9ddtGnvQHWMrsAKX6vFBxdbtb9MY76VRblo7lWSuk4LwCeM+T+ZDJ9LBFiF7aD/diRShlLx9jA==",
      "cpu": [
        "x64"
      ],
      "dev": true,
      "optional": true,
      "os": [
        "linux"
      ]
    },
    "node_modules/turbo-linux-arm": {
      "version": "1.4.6",
      "resolved": "https://registry.npmjs.org/turbo-linux-arm/-/turbo-linux-arm-1.4.6.tgz",
      "integrity": "sha512-Uh/V3oaAdhyZW6FKPpKihAxQo3EbvLaVNnzzkBmBnvHRkqoDJHhpuG72V7nn8pzxVbJ1++NEVjvbc2kmKFvGjg==",
      "cpu": [
        "arm"
      ],
      "dev": true,
      "optional": true,
      "os": [
        "linux"
      ]
    },
    "node_modules/turbo-linux-arm64": {
      "version": "1.4.6",
      "resolved": "https://registry.npmjs.org/turbo-linux-arm64/-/turbo-linux-arm64-1.4.6.tgz",
      "integrity": "sha512-FW1jmOpZfOoVVvml338N0MPnYjiMyYWTaMb4T+IosgGYymcUE3xJjfXJcqfU/9/uKTyY8zG0qr9/5rw2kpMS2Q==",
      "cpu": [
        "arm64"
      ],
      "dev": true,
      "optional": true,
      "os": [
        "linux"
      ]
    },
    "node_modules/turbo-linux-mips64le": {
      "version": "1.4.6",
      "resolved": "https://registry.npmjs.org/turbo-linux-mips64le/-/turbo-linux-mips64le-1.4.6.tgz",
      "integrity": "sha512-iWaL3Pwj52BH3T2M8nXScmbSnq4+x47MYK7lJMG7FsZGAIoT5ToO1Wt1iX3GRHTcnIZYm/kCfJ1ptK/NCossLA==",
      "cpu": [
        "mipsel"
      ],
      "dev": true,
      "optional": true,
      "os": [
        "linux"
      ]
    },
    "node_modules/turbo-linux-ppc64le": {
      "version": "1.4.6",
      "resolved": "https://registry.npmjs.org/turbo-linux-ppc64le/-/turbo-linux-ppc64le-1.4.6.tgz",
      "integrity": "sha512-Af/KlUmpiORDyELxT7byXNWl3fefErGQMJfeqXEtAdhs8OCKQWuU+lchcZbiBZYNpL+lZoa3PAmP9Fpx7R4plA==",
      "cpu": [
        "ppc64"
      ],
      "dev": true,
      "optional": true,
      "os": [
        "linux"
      ]
    },
    "node_modules/turbo-windows-32": {
      "version": "1.4.6",
      "resolved": "https://registry.npmjs.org/turbo-windows-32/-/turbo-windows-32-1.4.6.tgz",
      "integrity": "sha512-NBd+XPlRSaR//lVN13Q9DOqK3CbowSvafIyGsO4jfvMsGTdyNDL6AYtFsvTKW91/G7ZhATmSEkPn2pZRuhP/DA==",
      "cpu": [
        "ia32"
      ],
      "dev": true,
      "optional": true,
      "os": [
        "win32"
      ]
    },
    "node_modules/turbo-windows-64": {
      "version": "1.4.6",
      "resolved": "https://registry.npmjs.org/turbo-windows-64/-/turbo-windows-64-1.4.6.tgz",
      "integrity": "sha512-86AbmG+CjzVTpn4RGtwU2CYy4zSyAc9bIQ4pDGLIpCJg6JlD11duaiMJh0SCU/HCqWLJjWDI4qD+f9WNbgPsyQ==",
      "cpu": [
        "x64"
      ],
      "dev": true,
      "optional": true,
      "os": [
        "win32"
      ]
    },
    "node_modules/turbo-windows-arm64": {
      "version": "1.4.6",
      "resolved": "https://registry.npmjs.org/turbo-windows-arm64/-/turbo-windows-arm64-1.4.6.tgz",
      "integrity": "sha512-V+pWcqhTtmQQ3ew8qEjYtUwzyW6tO1RgvP+6OKzItYzTnMTr1Fe42Q21V+tqRNxuNfFDKsgVJdk2p5wB87bvyQ==",
      "cpu": [
        "arm64"
      ],
      "dev": true,
      "optional": true,
      "os": [
        "win32"
      ]
    }
  },
  "dependencies": {
    "turbo": {
      "version": "1.4.6",
      "resolved": "https://registry.npmjs.org/turbo/-/turbo-1.4.6.tgz",
      "integrity": "sha512-FKtBXlOJ7YjSK22yj4sJLCtDcHFElypt7xw9cZN7Wyv9x4XBrTmh5KP6RmcGnRR1/GJlTNwD2AY2T9QTPnHh+g==",
      "dev": true,
      "requires": {
        "turbo-android-arm64": "1.4.6",
        "turbo-darwin-64": "1.4.6",
        "turbo-darwin-arm64": "1.4.6",
        "turbo-freebsd-64": "1.4.6",
        "turbo-freebsd-arm64": "1.4.6",
        "turbo-linux-32": "1.4.6",
        "turbo-linux-64": "1.4.6",
        "turbo-linux-arm": "1.4.6",
        "turbo-linux-arm64": "1.4.6",
        "turbo-linux-mips64le": "1.4.6",
        "turbo-linux-ppc64le": "1.4.6",
        "turbo-windows-32": "1.4.6",
        "turbo-windows-64": "1.4.6",
        "turbo-windows-arm64": "1.4.6"
      }
    },
    "turbo-android-arm64": {
      "version": "1.4.6",
      "resolved": "https://registry.npmjs.org/turbo-android-arm64/-/turbo-android-arm64-1.4.6.tgz",
      "integrity": "sha512-YxSlHc64CF5J7yNUMiLBHkeLyzrpe75Oy7tivWb3z7ySG44BXPikk4HDJZPh0T1ELvukDwuPKkvDukJ2oCLJpA==",
      "dev": true,
      "optional": true
    },
    "turbo-darwin-64": {
      "version": "1.4.6",
      "resolved": "https://registry.npmjs.org/turbo-darwin-64/-/turbo-darwin-64-1.4.6.tgz",
      "integrity": "sha512-f6uto7LLpjwZ6iZSF+8uaDpuiTji6xmnWDxNuW23DBE8iv5mxehHd+6Ys851uKDRrPb3QdCu9ctyigKTAla5Vg==",
      "dev": true,
      "optional": true
    },
    "turbo-darwin-arm64": {
      "version": "1.4.6",
      "resolved": "https://registry.npmjs.org/turbo-darwin-arm64/-/turbo-darwin-arm64-1.4.6.tgz",
      "integrity": "sha512-o9C6e5XyuMHQwE0fEhUxfpXxvNr2QXXWX8nxIjygxeF19AqKbk/s08vZBOEmXV6/gx/pRhZ1S2nf0PIUjKBD/Q==",
      "dev": true,
      "optional": true
    },
    "turbo-freebsd-64": {
      "version": "1.4.6",
      "resolved": "https://registry.npmjs.org/turbo-freebsd-64/-/turbo-freebsd-64-1.4.6.tgz",
      "integrity": "sha512-Gg9VOUo6McXYKGevcYjGUSmMryZyZggvpdPh7Dw3QTcT8Tsy6OBtq6WnJ2O4kFDsMigyKtEOJPceD9vDMZt3yQ==",
      "dev": true,
      "optional": true
    },
    "turbo-freebsd-arm64": {
      "version": "1.4.6",
      "resolved": "https://registry.npmjs.org/turbo-freebsd-arm64/-/turbo-freebsd-arm64-1.4.6.tgz",
      "integrity": "sha512-W7VrcneWFN1QENKt5cpAPSsf9ArYBBAm3VtPBZEO5tX8kuahGlah1SKdKJXrRxYOY82wyNxDagS/rHpBlrAAzw==",
      "dev": true,
      "optional": true
    },
    "turbo-linux-32": {
      "version": "1.4.6",
      "resolved": "https://registry.npmjs.org/turbo-linux-32/-/turbo-linux-32-1.4.6.tgz",
      "integrity": "sha512-76j/zsui6mWPX8pZVMGgF8eiKHPmKuGa2lo0A/Ja0HUvdYCOGUfHsWJGVVIeYbuEp3jsKyVt7OnMDeH9CqO6bg==",
      "dev": true,
      "optional": true
    },
    "turbo-linux-64": {
      "version": "1.4.6",
      "resolved": "https://registry.npmjs.org/turbo-linux-64/-/turbo-linux-64-1.4.6.tgz",
      "integrity": "sha512-z4A37Xm7lZyO9ddtGnvQHWMrsAKX6vFBxdbtb9MY76VRblo7lWSuk4LwCeM+T+ZDJ9LBFiF7aD/diRShlLx9jA==",
      "dev": true,
      "optional": true
    },
    "turbo-linux-arm": {
      "version": "1.4.6",
      "resolved": "https://registry.npmjs.org/turbo-linux-arm/-/turbo-linux-arm-1.4.6.tgz",
      "integrity": "sha512-Uh/V3oaAdhyZW6FKPpKihAxQo3EbvLaVNnzzkBmBnvHRkqoDJHhpuG72V7nn8pzxVbJ1++NEVjvbc2kmKFvGjg==",
      "dev": true,
      "optional": true
    },
    "turbo-linux-arm64": {
      "version": "1.4.6",
      "resolved": "https://registry.npmjs.org/turbo-linux-arm64/-/turbo-linux-arm64-1.4.6.tgz",
      "integrity": "sha512-FW1jmOpZfOoVVvml338N0MPnYjiMyYWTaMb4T+IosgGYymcUE3xJjfXJcqfU/9/uKTyY8zG0qr9/5rw2kpMS2Q==",
      "dev": true,
      "optional": true
    },
    "turbo-linux-mips64le": {
      "version": "1.4.6",
      "resolved": "https://registry.npmjs.org/turbo-linux-mips64le/-/turbo-linux-mips64le-1.4.6.tgz",
      "integrity": "sha512-iWaL3Pwj52BH3T2M8nXScmbSnq4+x47MYK7lJMG7FsZGAIoT5ToO1Wt1iX3GRHTcnIZYm/kCfJ1ptK/NCossLA==",
      "dev": true,
      "optional": true
    },
    "turbo-linux-ppc64le": {
      "version": "1.4.6",
      "resolved": "https://registry.npmjs.org/turbo-linux-ppc64le/-/turbo-linux-ppc64le-1.4.6.tgz",
      "integrity": "sha512-Af/KlUmpiORDyELxT7byXNWl3fefErGQMJfeqXEtAdhs8OCKQWuU+lchcZbiBZYNpL+lZoa3PAmP9Fpx7R4plA==",
      "dev": true,
      "optional": true
    },
    "turbo-windows-32": {
      "version": "1.4.6",
      "resolved": "https://registry.npmjs.org/turbo-windows-32/-/turbo-windows-32-1.4.6.tgz",
      "integrity": "sha512-NBd+XPlRSaR//lVN13Q9DOqK3CbowSvafIyGsO4jfvMsGTdyNDL6AYtFsvTKW91/G7ZhATmSEkPn2pZRuhP/DA==",
      "dev": true,
      "optional": true
    },
    "turbo-windows-64": {
      "version": "1.4.6",
      "resolved": "https://registry.npmjs.org/turbo-windows-64/-/turbo-windows-64-1.4.6.tgz",
      "integrity": "sha512-86AbmG+CjzVTpn4RGtwU2CYy4zSyAc9bIQ4pDGLIpCJg6JlD11duaiMJh0SCU/HCqWLJjWDI4qD+f9WNbgPsyQ==",
      "dev": true,
      "optional": true
    },
    "turbo-windows-arm64": {
      "version": "1.4.6",
      "resolved": "https://registry.npmjs.org/turbo-windows-arm64/-/turbo-windows-arm64-1.4.6.tgz",
      "integrity": "sha512-V+pWcqhTtmQQ3ew8qEjYtUwzyW6tO1RgvP+6OKzItYzTnMTr1Fe42Q21V+tqRNxuNfFDKsgVJdk2p5wB87bvyQ==",
      "dev": true,
      "optional": true
    }
  }
}
